
Microsoft Visual Studio Solution File, Format Version 12.00
# Visual Studio 15
VisualStudioVersion = 15.0.27703.2000
MinimumVisualStudioVersion = 10.0.40219.1
Project("{FAE04EC0-301F-11D3-BF4B-00C04F79EFBC}") = "PB", "PB\PB.csproj", "{D3714EBA-AF09-4A45-8139-1AB6BDD560C3}"
EndProject
Global
	GlobalSection(SolutionConfigurationPlatforms) = preSolution
		Debug|Any CPU = Debug|Any CPU
		Release|Any CPU = Release|Any CPU
	EndGlobalSection
	GlobalSection(ProjectConfigurationPlatforms) = postSolution
		{D3714EBA-AF09-4A45-8139-1AB6BDD560C3}.Debug|Any CPU.ActiveCfg = Debug|Any CPU
		{D3714EBA-AF09-4A45-8139-1AB6BDD560C3}.Debug|Any CPU.Build.0 = Debug|Any CPU
		{D3714EBA-AF09-4A45-8139-1AB6BDD560C3}.Release|Any CPU.ActiveCfg = Release|Any CPU
		{D3714EBA-AF09-4A45-8139-1AB6BDD560C3}.Release|Any CPU.Build.0 = Release|Any CPU
	EndGlobalSection
	GlobalSection(SolutionProperties) = preSolution
		HideSolutionNode = FALSE
	EndGlobalSection
	GlobalSection(ExtensibilityGlobals) = postSolution
		SolutionGuid = {A840DA63-45C0-40A1-8D00-D4CC1D4C91BD}
	EndGlobalSection
EndGlobal
